
Microsoft Visual Studio Solution File, Format Version 12.00
# Visual Studio Version 16
VisualStudioVersion = 16.0.30320.27
MinimumVisualStudioVersion = 10.0.40219.1
Project("{FAE04EC0-301F-11D3-BF4B-00C04F79EFBC}") = "RosReestrImp", "RosReestrImp\RosReestrImp.csproj", "{FD2F1E85-228F-4F56-9F41-878C48C3724C}"
EndProject
Project("{FAE04EC0-301F-11D3-BF4B-00C04F79EFBC}") = "UnitTestProject1", "UnitTestProject1\UnitTestProject1.csproj", "{6F7CE662-A0A3-4431-AE61-922935A5E1FD}"
EndProject
Project("{FAE04EC0-301F-11D3-BF4B-00C04F79EFBC}") = "RRViewer1", "RRViewer1\RRViewer1.csproj", "{2C3FE1E1-4876-42E5-93A2-BBA9827EE2DD}"
EndProject
Project("{2150E333-8FDC-42A3-9474-1A3956D46DE8}") = "Solution Items", "Solution Items", "{989E4778-DF8A-4AA6-A20C-55D455974B40}"
	ProjectSection(SolutionItems) = preProject
		.editorconfig = .editorconfig
	EndProjectSection
EndProject
Global
	GlobalSection(SolutionConfigurationPlatforms) = preSolution
		Debug|Any CPU = Debug|Any CPU
		Release|Any CPU = Release|Any CPU
	EndGlobalSection
	GlobalSection(ProjectConfigurationPlatforms) = postSolution
		{FD2F1E85-228F-4F56-9F41-878C48C3724C}.Debug|Any CPU.ActiveCfg = Debug|Any CPU
		{FD2F1E85-228F-4F56-9F41-878C48C3724C}.Debug|Any CPU.Build.0 = Debug|Any CPU
		{FD2F1E85-228F-4F56-9F41-878C48C3724C}.Release|Any CPU.ActiveCfg = Release|Any CPU
		{FD2F1E85-228F-4F56-9F41-878C48C3724C}.Release|Any CPU.Build.0 = Release|Any CPU
		{6F7CE662-A0A3-4431-AE61-922935A5E1FD}.Debug|Any CPU.ActiveCfg = Debug|Any CPU
		{6F7CE662-A0A3-4431-AE61-922935A5E1FD}.Debug|Any CPU.Build.0 = Debug|Any CPU
		{6F7CE662-A0A3-4431-AE61-922935A5E1FD}.Release|Any CPU.ActiveCfg = Release|Any CPU
		{6F7CE662-A0A3-4431-AE61-922935A5E1FD}.Release|Any CPU.Build.0 = Release|Any CPU
		{2C3FE1E1-4876-42E5-93A2-BBA9827EE2DD}.Debug|Any CPU.ActiveCfg = Debug|Any CPU
		{2C3FE1E1-4876-42E5-93A2-BBA9827EE2DD}.Debug|Any CPU.Build.0 = Debug|Any CPU
		{2C3FE1E1-4876-42E5-93A2-BBA9827EE2DD}.Release|Any CPU.ActiveCfg = Release|Any CPU
		{2C3FE1E1-4876-42E5-93A2-BBA9827EE2DD}.Release|Any CPU.Build.0 = Release|Any CPU
	EndGlobalSection
	GlobalSection(SolutionProperties) = preSolution
		HideSolutionNode = FALSE
	EndGlobalSection
	GlobalSection(ExtensibilityGlobals) = postSolution
		SolutionGuid = {65481BAC-F267-4144-A883-A6516FB15949}
	EndGlobalSection
EndGlobal
